
Microsoft Visual Studio Solution File, Format Version 12.00
# Visual Studio Version 17
VisualStudioVersion = 17.6.33815.320
MinimumVisualStudioVersion = 10.0.40219.1
Project("{FAE04EC0-301F-11D3-BF4B-00C04F79EFBC}") = "auto-deployment-unique-db", "auto-deployment-unique-db\auto-deployment-unique-db.csproj", "{5741ACB7-CBC4-48FB-A72A-2C396AAB8DAA}"
EndProject
Global
	GlobalSection(SolutionConfigurationPlatforms) = preSolution
		Debug|Any CPU = Debug|Any CPU
		Release|Any CPU = Release|Any CPU
	EndGlobalSection
	GlobalSection(ProjectConfigurationPlatforms) = postSolution
		{5741ACB7-CBC4-48FB-A72A-2C396AAB8DAA}.Debug|Any CPU.ActiveCfg = Debug|Any CPU
		{5741ACB7-CBC4-48FB-A72A-2C396AAB8DAA}.Debug|Any CPU.Build.0 = Debug|Any CPU
		{5741ACB7-CBC4-48FB-A72A-2C396AAB8DAA}.Release|Any CPU.ActiveCfg = Release|Any CPU
		{5741ACB7-CBC4-48FB-A72A-2C396AAB8DAA}.Release|Any CPU.Build.0 = Release|Any CPU
	EndGlobalSection
	GlobalSection(SolutionProperties) = preSolution
		HideSolutionNode = FALSE
	EndGlobalSection
	GlobalSection(ExtensibilityGlobals) = postSolution
		SolutionGuid = {1C8A644E-9D32-4ECC-BF80-8C8E7F7901EC}
	EndGlobalSection
EndGlobal
